version: 1
repository: upstream/pypto
base_commit: 34475e0d83c6cdc7deac2082b1b4fa81b3beb6ad
integration_branch: port/pypto-x-integration
integration_commit: 79a7daa1052775651b22e797c346651c70b60070
updated_at: 2026-09-08T04:12:01Z

waves:
  W1:
    status: complete
    task_commits:
      target-abi:
        - d8070538b8d9bb672d5f04061bb3dbddda083a62
        - 01ebb8da29728b9413258b876c3d4ad1655b416d
      core-ir:
        - 7f6ac1328f69e2e5138468a4a58defccff06a247
        - 260268f0551e368f658f3e1699eefcc7b98e6561
      verification:
        - 4ff0163fbfd35804db15361dc89381f885765785
        - 8403e7a04c636a1c8f9bb2cda767bdacb3f879a7
    integration_commits:
      - 027d2cda91742b7c2d0ab653b6ee21b69e8be564
      - 4a1f21e300c04708962b7e85f5fdf2c496788d16
      - 2ab2f2ca59bd86dee654b55a0e97b7d25af966e9
    validation:
      task_smoke: PASS
      smoke_runs_per_task: 1
      combined_pytest: 23_passed
      package_discovery: PASS
      integration_smoke: PASS
      integration_smoke_log: ../worktrees/_meta/pypto-x/integration-w1/smoke/20260906T174557Z/smoke.log
    known_limits:
      - native_tensor_parser_bridge_not_connected
      - source_checkout_pypto_init_still_requires_native_build_metadata
      - stable_cann_npu_baseline_pending

  W2:
    status: complete
    started_at: 2026-09-06T17:48:15Z
    tasks: [tensor-core-bridge, ascend-adapter, cpu-scalar]
    base_commit: 2ab2f2ca59bd86dee654b55a0e97b7d25af966e9
    task_commits:
      tensor-core-bridge:
        - 35fe15209cd85b35b53c27c75ef71614037396c9
        - 734c5d75180dcef5ef02722d548c8d822362b9ec
      ascend-adapter:
        - d0d63c1d5bad3e7ecc85880d05a854161e00022c
        - 3574692cfa13efe78719b3d0c38aec35788317bb
      cpu-scalar:
        - 8b73a94ea713855a992bd73f1779b72b9dbfb810
        - d09d1f6a2aec3e0bac57d2e6cf13eca7d7043c92
    integration_commits:
      - 339ec532f0c282301199f8b14dbd9f1b00ee449e
      - d922b58faf8a3c9869b38c80ee8a87189bd06e5d
    validation:
      task_smoke: PASS
      smoke_runs_per_task: 1
      combined_pytest: 66_passed
      isolated_pil_to_cpu_differential: PASS
      python37_ast_files: 42
      python37_ast: PASS
      package_discovery: PASS
      integration_smoke: PASS
      integration_smoke_log: ../worktrees/_meta/pypto-x/integration-w2/smoke/20260906T182824Z/smoke.log
    known_limits:
      - normal_source_import_still_enters_native_initializer
      - real_native_cpp_ir_bridge_not_connected
      - ascend_cann_bisheng_npu_regression_blocked

  W2B:
    status: complete
    started_at: 2026-09-06T18:30:29Z
    tasks: [portable-bootstrap]
    base_commit: b017b4bb3e189ba3f50ae777461f0574decf26ba
    task_commits:
      portable-bootstrap:
        - 7ecdb3d3d32366a43a04cd21d0314dfdced17a64
        - 2e8e89138fc639c42601bf9fb1cbc28b252127b5
        - 07a9bea7f26e2a151c48cba63ce8b20643b8ac39
    validation:
      task_smoke: PASS
      smoke_runs_per_task: 1
      combined_pytest: 68_passed
      portable_python_s_direct_import: PASS
      portable_mode_lock: PASS
      portable_hasattr_semantics: PASS
      typed_pil_to_cpu_differential: PASS
      default_native_path_preserved: PASS
      python37_ast_files: 45
      python37_ast: PASS
      package_discovery: PASS
      integration_smoke: PASS
      integration_smoke_log: ../worktrees/_meta/pypto-x/integration-w2b/smoke/20260906T184358Z/smoke.log

  W3:
    status: complete
    started_at: 2026-09-06T18:45:40Z
    avx2_started_at: 2026-09-06T19:27:25Z
    avx512_started_at: 2026-09-06T20:55:35Z
    completed_at: 2026-09-08T04:12:01Z
    tasks: [cpu-vector-common, cpu-avx2, cpu-avx512]
    base_commit: 3cb7061c2592247c3c5fbb3fbfb6bc264485cdc7
    task_commits:
      cpu-vector-common:
        - 711af0d9455d3c7f124a81c6a206b74a70fe03fe
        - a14c1ec7a638be81fb4a1fe2ebb047edf1e59cb6
        - 971ced6fe9f7824cb9505242ff4fabaae0fc6716
        - 572423c6f2bcfca92395f76f388c71537f8d934a
      cpu-avx2:
        - c10df906436ac9cf98542ea4e84eeec29c4768cc
        - e2c31c2ce87e05878baf95bbfc825dd5a3265ee6
        - e98c966383e0d985749cba22fe4925b46d25bc8f
        - dbcbdb06e0459fed403c29fd6843894d53cef8e0
        - b55cc59c32c8ec73afd19b5503cd18c5981207ad
        - a606d6d04f3f4f4138d8be3095845c53575218e9
      cpu-avx512:
        - 3c7cb5433ed065baf7978041293362623e326ab5
        - 42cf5a47ebb25b4649bcb7950d10e70440c3de9e
        - ee2ebace50ecbf6ee94e4f9ffd9a89ac9a5c97bc
    integration_commits:
      - 3026d18f95af063dd9ff0314a4c810c9a2bee8d2
      - 4fc388cf5fa53e971ec92373fdbcb7f970d4b35b
      - 0d96a6d76846cafe0dc10188da8512711523da8f
      - a784bac441cb4f8564d00afdfcc4e9e17e7d8de0
      - 5e496fae60cae490cce4535fb1a7923bb5f6e97a
      - 976bd87f2e7259f657faeef8c14b2e9c9a567872
      - 47c44ab4d858c4aff63015875959f31fc39e6ab5
      - 1ecbde9c13eef18bd46bd5b3d090f9b959a3ee66
      - 68e400b3fc3ff75fa004dd15457997b6a7709a70
      - 008acc32ac30f8a26c74098408027cff080fab48
      - 3cfc5dc3b2e3791005091bda6fd96b30d15c2d0f
      - e1757a3e2d10b28d3cb7d4c1365db9bc5c762f0a
      - 79a7daa1052775651b22e797c346651c70b60070
    validation:
      cpu_vector_common_task_smoke: PASS
      smoke_runs_for_cpu_vector_common: 1
      cpu_avx2_task_smoke: PASS
      smoke_runs_for_cpu_avx2: 1
      cpu_avx2_task_pytest: 41_passed
      cpu_avx512_task_smoke: PASS
      smoke_runs_for_cpu_avx512: 1
      cpu_avx512_task_pytest: 68_passed
      avx2_avx512_pytest: 109_passed
      combined_pytest: 205_passed
      structured_float32_differential: PASS
      feature_source_roundtrip_idempotence: PASS
      python37_ast_files: 63
      python37_ast: PASS
      compileall: PASS
      package_discovery: PASS
      real_cpuid_osxsave_xgetbv: PASS
      clang_version: 22.1.8
      clang_target_triple: x86_64-pc-linux-gnu
      avx2_fma_disassembly: ymm_386_vfmadd_16_zmm_0_evex_0
      avx2_non_fma_disassembly: ymm_396_vfmadd_0_zmm_0_evex_0
      native_scalar_differential: PASS
      native_scalar_max_absolute_error: 8.182525629285564e-09
      shared_artifact_tamper_exit_regression: PASS
      native_validation_log: ../worktrees/_meta/pypto-x/integration-w3-avx2-final/logs/20260906T205147Z-integration-validation.json
      avx512_real_cpuid_osxsave_xgetbv: PASS
      avx512_capability_layers: f_dq_bw_vl_vnni_bf16
      avx512_base_disassembly: zmm_864_opmask_79_vfmadd_0_vpdp_0_vdpbf16_0
      avx512_fma_disassembly: zmm_833_vfmadd_19
      avx512_bf16_disassembly: zmm_845_vdpbf16_1
      avx512_vnni_disassembly: zmm_979_vpdp_1
      avx512_negative_reduce_max: PASS
      avx512_bf16_full_tail_rne: PASS
      avx512_vnni_golden: PASS
      avx512_layered_fallback: PASS
      avx512_native_scalar_max_absolute_error: 3.667831416365175e-08
      avx512_native_validation_log: ../worktrees/_meta/pypto-x/integration-w3-avx512-final2/logs/20260908T040842Z-integration-validation.json
      vector_common_integration_smoke_log: ../worktrees/_meta/pypto-x/integration-w3-vector-common/smoke/20260906T192442Z/smoke.log
      avx2_integration_smoke_log: ../worktrees/_meta/pypto-x/integration-w3-avx2-final/smoke/20260906T205254Z/smoke.log
      integration_smoke: PASS
      integration_smoke_log: ../worktrees/_meta/pypto-x/integration-w3-avx512-final2/smoke/20260908T041123Z/smoke.log
    known_limits:
      - vector_common_is_a_pure_python_semantic_executor_not_actual_simd
      - avx2_results_are_functional_and_disassembly_evidence_on_kvm_not_production_performance
      - avx512_dq_bw_vl_capabilities_detected_but_emitting_lowering_unsupported
      - avx512_vnni_helper_not_connected_to_public_core_op
      - stable_cann_npu_baseline_pending
