version: 1
repository: upstream/pypto
base_commit: 34475e0d83c6cdc7deac2082b1b4fa81b3beb6ad
integration_branch: port/pypto-x-integration
integration_commit: 2d7da37b9ed20e3382232e31e45f584907c55e1e
updated_at: 2026-09-08T19:54:55Z

resource_policy:
  lock_root: /home/chiro/projects/.resource-locks
  local_heavy_runner: scripts/resource/run_local_heavy.sh
  local_heavy_lock_required: true
  local_min_available_mib: 8192
  local_safety_floor_mib: 4096
  local_max_cpus: 6
  cgroup_required: true
  runtime_monitoring: [mem_available, process_tree_rss, process_tree_cpu, load, cpu_psi, memory_psi]
  busy_or_unavailable: wait_never_bypass
  validated_at: 2026-09-08T17:23:55Z

waves:
  W1:
    status: complete
    task_commits:
      target-abi:
        - d8070538b8d9bb672d5f04061bb3dbddda083a62
        - 01ebb8da29728b9413258b876c3d4ad1655b416d
      core-ir:
        - 7f6ac1328f69e2e5138468a4a58defccff06a247
        - 260268f0551e368f658f3e1699eefcc7b98e6561
      verification:
        - 4ff0163fbfd35804db15361dc89381f885765785
        - 8403e7a04c636a1c8f9bb2cda767bdacb3f879a7
    integration_commits:
      - 027d2cda91742b7c2d0ab653b6ee21b69e8be564
      - 4a1f21e300c04708962b7e85f5fdf2c496788d16
      - 2ab2f2ca59bd86dee654b55a0e97b7d25af966e9
    validation:
      task_smoke: PASS
      smoke_runs_per_task: 1
      combined_pytest: 23_passed
      package_discovery: PASS
      integration_smoke: PASS
      integration_smoke_log: ../worktrees/_meta/pypto-x/integration-w1/smoke/20260906T174557Z/smoke.log
    known_limits:
      - native_tensor_parser_bridge_not_connected
      - source_checkout_pypto_init_still_requires_native_build_metadata
      - stable_cann_npu_baseline_pending

  W2:
    status: complete
    started_at: 2026-09-06T17:48:15Z
    tasks: [tensor-core-bridge, ascend-adapter, cpu-scalar]
    base_commit: 2ab2f2ca59bd86dee654b55a0e97b7d25af966e9
    task_commits:
      tensor-core-bridge:
        - 35fe15209cd85b35b53c27c75ef71614037396c9
        - 734c5d75180dcef5ef02722d548c8d822362b9ec
      ascend-adapter:
        - d0d63c1d5bad3e7ecc85880d05a854161e00022c
        - 3574692cfa13efe78719b3d0c38aec35788317bb
      cpu-scalar:
        - 8b73a94ea713855a992bd73f1779b72b9dbfb810
        - d09d1f6a2aec3e0bac57d2e6cf13eca7d7043c92
    integration_commits:
      - 339ec532f0c282301199f8b14dbd9f1b00ee449e
      - d922b58faf8a3c9869b38c80ee8a87189bd06e5d
    validation:
      task_smoke: PASS
      smoke_runs_per_task: 1
      combined_pytest: 66_passed
      isolated_pil_to_cpu_differential: PASS
      python37_ast_files: 42
      python37_ast: PASS
      package_discovery: PASS
      integration_smoke: PASS
      integration_smoke_log: ../worktrees/_meta/pypto-x/integration-w2/smoke/20260906T182824Z/smoke.log
    known_limits:
      - normal_source_import_still_enters_native_initializer
      - real_native_cpp_ir_bridge_not_connected
      - ascend_cann_bisheng_npu_regression_blocked

  W2B:
    status: complete
    started_at: 2026-09-06T18:30:29Z
    tasks: [portable-bootstrap]
    base_commit: b017b4bb3e189ba3f50ae777461f0574decf26ba
    task_commits:
      portable-bootstrap:
        - 7ecdb3d3d32366a43a04cd21d0314dfdced17a64
        - 2e8e89138fc639c42601bf9fb1cbc28b252127b5
        - 07a9bea7f26e2a151c48cba63ce8b20643b8ac39
    validation:
      task_smoke: PASS
      smoke_runs_per_task: 1
      combined_pytest: 68_passed
      portable_python_s_direct_import: PASS
      portable_mode_lock: PASS
      portable_hasattr_semantics: PASS
      typed_pil_to_cpu_differential: PASS
      default_native_path_preserved: PASS
      python37_ast_files: 45
      python37_ast: PASS
      package_discovery: PASS
      integration_smoke: PASS
      integration_smoke_log: ../worktrees/_meta/pypto-x/integration-w2b/smoke/20260906T184358Z/smoke.log

  W3:
    status: complete
    started_at: 2026-09-06T18:45:40Z
    avx2_started_at: 2026-09-06T19:27:25Z
    avx512_started_at: 2026-09-06T20:55:35Z
    completed_at: 2026-09-08T04:12:01Z
    tasks: [cpu-vector-common, cpu-avx2, cpu-avx512]
    base_commit: 3cb7061c2592247c3c5fbb3fbfb6bc264485cdc7
    task_commits:
      cpu-vector-common:
        - 711af0d9455d3c7f124a81c6a206b74a70fe03fe
        - a14c1ec7a638be81fb4a1fe2ebb047edf1e59cb6
        - 971ced6fe9f7824cb9505242ff4fabaae0fc6716
        - 572423c6f2bcfca92395f76f388c71537f8d934a
      cpu-avx2:
        - c10df906436ac9cf98542ea4e84eeec29c4768cc
        - e2c31c2ce87e05878baf95bbfc825dd5a3265ee6
        - e98c966383e0d985749cba22fe4925b46d25bc8f
        - dbcbdb06e0459fed403c29fd6843894d53cef8e0
        - b55cc59c32c8ec73afd19b5503cd18c5981207ad
        - a606d6d04f3f4f4138d8be3095845c53575218e9
      cpu-avx512:
        - 3c7cb5433ed065baf7978041293362623e326ab5
        - 42cf5a47ebb25b4649bcb7950d10e70440c3de9e
        - ee2ebace50ecbf6ee94e4f9ffd9a89ac9a5c97bc
    integration_commits:
      - 3026d18f95af063dd9ff0314a4c810c9a2bee8d2
      - 4fc388cf5fa53e971ec92373fdbcb7f970d4b35b
      - 0d96a6d76846cafe0dc10188da8512711523da8f
      - a784bac441cb4f8564d00afdfcc4e9e17e7d8de0
      - 5e496fae60cae490cce4535fb1a7923bb5f6e97a
      - 976bd87f2e7259f657faeef8c14b2e9c9a567872
      - 47c44ab4d858c4aff63015875959f31fc39e6ab5
      - 1ecbde9c13eef18bd46bd5b3d090f9b959a3ee66
      - 68e400b3fc3ff75fa004dd15457997b6a7709a70
      - 008acc32ac30f8a26c74098408027cff080fab48
      - 3cfc5dc3b2e3791005091bda6fd96b30d15c2d0f
      - e1757a3e2d10b28d3cb7d4c1365db9bc5c762f0a
      - 79a7daa1052775651b22e797c346651c70b60070
    validation:
      cpu_vector_common_task_smoke: PASS
      smoke_runs_for_cpu_vector_common: 1
      cpu_avx2_task_smoke: PASS
      smoke_runs_for_cpu_avx2: 1
      cpu_avx2_task_pytest: 41_passed
      cpu_avx512_task_smoke: PASS
      smoke_runs_for_cpu_avx512: 1
      cpu_avx512_task_pytest: 68_passed
      avx2_avx512_pytest: 109_passed
      combined_pytest: 205_passed
      structured_float32_differential: PASS
      feature_source_roundtrip_idempotence: PASS
      python37_ast_files: 63
      python37_ast: PASS
      compileall: PASS
      package_discovery: PASS
      real_cpuid_osxsave_xgetbv: PASS
      clang_version: 22.1.8
      clang_target_triple: x86_64-pc-linux-gnu
      avx2_fma_disassembly: ymm_386_vfmadd_16_zmm_0_evex_0
      avx2_non_fma_disassembly: ymm_396_vfmadd_0_zmm_0_evex_0
      native_scalar_differential: PASS
      native_scalar_max_absolute_error: 8.182525629285564e-09
      shared_artifact_tamper_exit_regression: PASS
      native_validation_log: ../worktrees/_meta/pypto-x/integration-w3-avx2-final/logs/20260906T205147Z-integration-validation.json
      avx512_real_cpuid_osxsave_xgetbv: PASS
      avx512_capability_layers: f_dq_bw_vl_vnni_bf16
      avx512_base_disassembly: zmm_864_opmask_79_vfmadd_0_vpdp_0_vdpbf16_0
      avx512_fma_disassembly: zmm_833_vfmadd_19
      avx512_bf16_disassembly: zmm_845_vdpbf16_1
      avx512_vnni_disassembly: zmm_979_vpdp_1
      avx512_negative_reduce_max: PASS
      avx512_bf16_full_tail_rne: PASS
      avx512_vnni_golden: PASS
      avx512_layered_fallback: PASS
      avx512_native_scalar_max_absolute_error: 3.667831416365175e-08
      avx512_native_validation_log: ../worktrees/_meta/pypto-x/integration-w3-avx512-final2/logs/20260908T040842Z-integration-validation.json
      vector_common_integration_smoke_log: ../worktrees/_meta/pypto-x/integration-w3-vector-common/smoke/20260906T192442Z/smoke.log
      avx2_integration_smoke_log: ../worktrees/_meta/pypto-x/integration-w3-avx2-final/smoke/20260906T205254Z/smoke.log
      integration_smoke: PASS
      integration_smoke_log: ../worktrees/_meta/pypto-x/integration-w3-avx512-final2/smoke/20260908T041123Z/smoke.log
    known_limits:
      - vector_common_is_a_pure_python_semantic_executor_not_actual_simd
      - avx2_results_are_functional_and_disassembly_evidence_on_kvm_not_production_performance
      - avx512_dq_bw_vl_capabilities_detected_but_emitting_lowering_unsupported
      - avx512_vnni_helper_not_connected_to_public_core_op
      - stable_cann_npu_baseline_pending

  W4:
    status: gpu_common_complete_cuda_host_restored_probe_pending
    started_at: 2026-09-08T04:15:51Z
    gpu_common_started_at: 2026-09-08T05:56:48Z
    gpu_common_completed_at: 2026-09-08T07:34:13Z
    sve256_native_validated_at: 2026-09-08T07:57:00Z
    tasks: [cpu-sve256, gpu-common, cuda]
    base_commit: 79a7daa1052775651b22e797c346651c70b60070
    task_commits:
      cpu-sve256:
        - 0949066d1771240a703e5834670d8f21aa7bb2cb
        - e74d221777bb9e820814c9655cc0f77d0655a456
        - c6715390455ac1f0c6f563800e6a1552d7a36518
        - 1daeeb105bafcbb1b6ac2b3f15f9b04708c6cdf4
        - 66f6aa28f01917fe8d906223659cc7dd24c6a435
        - bcf162241c9173fdecedd7f1ea04f72eb40f8b7b
      gpu-common:
        - f256ad209030cb3087190cfdd8f8a207de9a7604
        - 4e3908d7541783ccfc8a8a0c1f2178968dcc3ead
        - cad13981377e85024ebb0c30f6de97f3c4afbef6
        - 89c66d23e23d51a9b26cbda805e882a79e556d53
    integration_commits:
      - 4d49733440aac7e4f3c2b125a2b9952140d530a2
      - 9a62060fc6cc375b39e1351fa072c9ca69c289ac
      - a00a62ef01c421f9ac9b2db52f021db149bf5ff3
      - 5e42eed7c432034db02c2d339e67789afd419ae9
      - ca1d7e783ab8c6bc0ae5a424e18cbf865fe129bb
      - c692f4f3f9d99468fb06bec727226cbc3b3c187e
      - 74c934717f2743580327c4668a2326a8f751f933
      - a266fa2a825c39fd2f36300eacb4ababb0c5cdb6
      - 1c28bcc047f5e93d0c97db724fc8beaea05099c0
      - e00c12a498ac806bb8f51eb58b9603fb57bc82f7
    validation:
      cpu_sve256_task_smoke: PASS
      smoke_runs_for_cpu_sve256: 1
      cpu_sve256_task_pytest: 62_passed
      x86_sve256_pytest: 171_passed
      gpu_common_task_smoke: BLOCKED_DEVICE
      smoke_runs_for_gpu_common: 1
      gpu_common_task_pytest: 45_passed
      combined_pytest: 312_passed
      python37_ast_files: 86
      python37_ast: PASS
      compileall: PASS
      package_discovery: PASS
      qemu_probe: sve_sve2_vl32_emulated
      qemu_wrong_vl: vl128_exit16_vl512_exit16
      elf: elf64_little_endian_aarch64
      compiler: aarch64-linux-gnu-gcc_16.1.0
      native_flags: armv8.2-a+sve_scalable
      hot_disassembly: whilelo7_ld1w14_st1w7_z42_p17_neon_vq0
      guarded_buffer_self_test: PASS
      negative_reduce_max: PASS
      bf16_fp32_accumulation_rne: PASS
      native_scalar_differential: PASS
      native_validation_log: ../worktrees/_meta/pypto-x/integration-w4-sve256-final/logs/20260908T055108Z-integration-validation.json
      ecs_native_probe: sve_vl32_no_sve2_native_kvm
      ecs_native_compiler: gcc_10.3.1_aarch64-linux-gnu
      ecs_native_ops: fp32_bf16_tail_guarded_reduce_max_matmul_pass
      ecs_native_hot_disassembly: whilelo2_ld1w3_st1w4_z36_p19_neon_vq0
      ecs_native_validation_log: ../worktrees/_meta/pypto-x/integration-w4-gpu-common-final/logs/20260908T080242Z-ecs-920b-native-validation.json
      gpu_common_contracts: geometry_subgroup_address_barrier_binding_artifact_cache
      gpu_common_simulator: fp32_bf16_reduce_matmul_pass
      gpu_common_task_smoke_log: ../worktrees/_meta/pypto-x/gpu-common/smoke/20260908T055648Z/smoke.log
      integration_smoke: PASS
      integration_smoke_log: ../worktrees/_meta/pypto-x/integration-w4-gpu-common-final/smoke/20260908T080155Z/smoke.log
    known_limits:
      - ecs_native_sve256_is_kvm_functional_and_disassembly_evidence_not_performance_threshold
      - ecs_reports_no_sve2_and_backend_has_no_sve2_emitting_lowering
      - gpu_common_is_a_no_device_semantic_simulator_not_cuda_or_hip_execution
      - cuda_waits_for_gamepc_lock_and_toolchain_recheck

  W6:
    status: qwen35_08b_m1f_complete_m1g_gdr_recurrent_state_planning
    started_at: 2026-09-08T09:07:57Z
    tasks: [qwen35-08b-model, qwen35-portable-primitives, qwen35-shape-layout, qwen35-sve256-math, qwen35-sve256-layout, qwen35-sve256-indexing, qwen35-sve256-composites, qwen35-sve256-conv-state, qwen35-attention-kv-cache, qwen35-gdr-recurrent-matrix-state, qwen35-position-compare-iota]
    repository: upstream/pypto-gym
    base_commit: 945a360e12592239a3549cb62d0db37af32bbc03
    integration_branch: port/pypto-x-qwen-integration
    task_branch: work/qwen35-08b-model
    resource: local-and-kunpeng-sve256
    weights_downloaded: false
    model_id: Qwen/Qwen3.5-0.8B
    model_revision: 2fc06364715b967f1860aea9cf38778875588b17
    current_scope:
      - bf16_text_operator_and_state_closure
      - scalar_and_sve256_functional_validation
      - no_weight_shape_and_connectivity_harness
      - explicit_backend_capability_gap_matrix
    task_commits:
      qwen35-08b-model:
        - dd129d0733a8c99af9347756094dc9ef29eb9733
        - ecd3d71b2bb74d01c0604a4bd5a2a30628c149d2
        - bb776187a1e69897a97652b6317c6b6b44e802fd
    integration_commits:
      - d0cc71f5ebbaa8db9b418804f632b49ccf4cecae
      - 62a2c4e3890cb3c3b44c4e8d39bda19cd21b90b8
      - b0c1e621c886ffc4d84bdd002a6bc8c8fd5e9628
    completed_at: 2026-09-08T10:03:54Z
    validation:
      task_smoke: PASS
      smoke_runs_for_qwen35_08b_model: 1
      task_pytest: 99_passed
      wheel_package_data: PASS
      python39_ast: PASS
      compileall: PASS
      package_discovery: PASS
      integration_smoke: PASS
      ecs_920b_shape_scenarios: 12_passed
      ecs_920b_shape_harness: standard_library_no_weights
      integration_evidence: ../worktrees/_meta/pypto-x/integration-w6-qwen35-m0-final
    m1a:
      name: qwen35-portable-primitives
      phase: M1A
      repository: upstream/pypto
      branch: work/qwen35-portable-primitives
      base_commit: e00c12a498ac806bb8f51eb58b9603fb57bc82f7
      started_at: 2026-09-08T10:12:28Z
      resource: local-then-kunpeng-sve256
      operations: [cast, exp, rsqrt, sigmoid, silu, softplus, reduce_mean, broadcast, where]
      task_commit: 5f37d771a63a506a1cdac898f215649771bf97b2
      integration_commits:
        - 99460184f8e79716f86e02d6a0836a75dea0f62a
        - 8a95d5c50c58f96a5cd458a65569a11a0be30a3e
      validation:
        task_smoke: PASS
        smoke_runs_for_task: 1
        focused_bridge_vector_gpu_pytest: 100_passed
        combined_pytest: 329_passed
        python37_ast_files: 7
        python37_ast: PASS
        compileall: PASS
        package_discovery: 127_packages_pass
        integration_smoke: PASS
        evidence: ../worktrees/_meta/pypto-x/integration-w6-qwen35-m1a-final
    m1b:
      name: qwen35-shape-layout
      phase: M1B
      repository: upstream/pypto
      branch: work/qwen35-shape-layout
      base_commit: 8a95d5c50c58f96a5cd458a65569a11a0be30a3e
      started_at: 2026-09-08T10:50:21Z
      resource: local-then-kunpeng-sve256
      operations: [reshape, view, transpose, contiguous, slice, split, concat, gather, embedding]
      task_commit: 51873c3ebef84a30561f879446b1af2693d5517c
      integration_commits:
        - 23ccb729a7e1c7f10b39a13d2a06ec3b7f619c5f
        - 8e840f11344a8ac9ec5368b69a5ce0e0a66281b9
      validation:
        task_smoke: PASS
        smoke_runs_for_task: 1
        focused_scalar_bridge_vector_gpu_pytest: 120_passed
        combined_pytest: 349_passed
        python37_ast_files: 5
        python37_ast: PASS
        compileall: PASS
        package_discovery: 127_packages_pass
        integration_smoke: PASS
        evidence: ../worktrees/_meta/pypto-x/integration-w6-qwen35-m1b-final
    m1c1:
      name: qwen35-sve256-math
      phase: M1C1
      repository: upstream/pypto
      branch: work/qwen35-sve256-math
      base_commit: 8e840f11344a8ac9ec5368b69a5ce0e0a66281b9
      started_at: 2026-09-08T11:28:24Z
      resource: qemu-then-kunpeng-sve256
      operations: [cast, exp, rsqrt, sigmoid, silu, softplus, reduce_mean, broadcast, where]
      task_commit: 8b4fa2100cb262cb8d57f5e35aaad22c19161232
      integration_commits:
        - ff9255ec192d4cd3a39134f53ba5ec7879c97ecb
        - 556a1bb4c8b48ae52b0a7e52c56048b621890dc7
      validation:
        task_smoke: PASS
        smoke_runs_for_task: 1
        combined_pytest: 360_passed
        python37_ast_files: 13
        python37_ast: PASS
        compileall: PASS
        package_discovery: 127_packages_pass
        integration_qemu_smoke: PASS
        ecs_920b_native_wire: PASS
        ecs_920b_guarded_canary: PASS
        evidence: ../worktrees/_meta/pypto-x/integration-w6-qwen35-m1c1-final
      explicit_fallbacks:
        scalar_math_lane: [exp, sigmoid, silu, softplus]
        scalar_conversion_lane: [cast, bf16_math, bf16_where]
        host_preexpanded: [broadcast, where]
    m1c2a:
      name: qwen35-sve256-layout
      phase: M1C2a
      repository: upstream/pypto
      branch: work/qwen35-sve256-layout
      base_commit: 556a1bb4c8b48ae52b0a7e52c56048b621890dc7
      started_at: 2026-09-08T12:39:09Z
      resource: qemu-then-kunpeng-sve256
      operations: [reshape, view, transpose, contiguous, slice]
      task_commits:
        - 0ea1b3b23396f905ec3a31827a73482fb5635629
        - 015506dcaa6a5410301a6723b9bc8789da65d1fd
        - 3ca34cfd6562bd34bc2c3c4acbf4db31a8855a57
      integration_commits:
        - 93e7f1eb1d79c299678b66d1af6a41f32e47c7c6
        - 3280ed168a2126c8cb7ec6c9449db66cfa77292e
        - 202b045fba9b02b4982453eac42c648ecb49dbc9
      validation:
        task_smoke: PASS
        smoke_runs_for_task: 1
        focused_pytest: 20_passed
        combined_pytest: 380_passed
        python37_ast_files: 6
        python37_ast: PASS
        compileall: PASS
        package_discovery: 127_packages_pass
        integration_qemu_smoke: PASS
        ecs_920b_native_layout_wire: PASS
        ecs_920b_guarded_canary: PASS
        evidence: ../worktrees/_meta/pypto-x/integration-w6-qwen35-m1c2a-final
      descriptor_contract:
        complexity: O_rank
        per_element_index_map: false
        wire: v3_pxld_v2_fnv1a64
        unaligned_decode: byte_access_plus_memcpy
      explicit_fallbacks:
        bf16_reorder: scalar_lane
        fp32_gather_index_limit: uint32
    m1c2b:
      name: qwen35-sve256-indexing
      phase: M1C2b
      repository: upstream/pypto
      branch: work/qwen35-sve256-indexing
      base_commit: 202b045fba9b02b4982453eac42c648ecb49dbc9
      started_at: 2026-09-08T14:17:35Z
      resource: qemu-then-kunpeng-sve256
      operations: [split, concat, gather, embedding]
      task_commits:
        - d8df8637ffe0fe3b26d45c6512278cc8cf03a066
        - eea99d332172fd06dc581531606eed4ea613173c
      integration_commits:
        - e0975c5ebdd34c14fa69f34b21bce4fc82c7822f
        - 41e16701fb80949024c856e60e1e347bd703177d
        - 31a5c46b010a621e54b8dedaa81c97a98dfc4e3e
      validation:
        task_smoke: PASS
        smoke_runs_for_task: 1
        focused_pytest: 13_passed
        review_additional_differential: 12_cases_passed
        combined_pytest: 393_passed
        python37_ast_files: 6
        python37_ast: PASS
        compileall: PASS
        package_discovery: 127_packages_pass
        integration_qemu_smoke: PASS
        ecs_920b_native_indexing_wire: PASS
        ecs_920b_guarded_canary: PASS
        evidence: ../worktrees/_meta/pypto-x/integration-w6-qwen35-m1c2b-final
      descriptor_contract:
        complexity: O_rank_plus_segments
        runtime_indices_are_data: true
        per_element_index_map: false
        wire: v4_pxsp_pxct_pxix_fnv1a64
      explicit_fallbacks:
        bf16_gather_embedding: scalar_lane
        fp32_gather_index_limit: uint32
        split_runner_calls: one_per_output_with_source_retransmit
        host_staging: python_lists_and_wire_bytes
    m1d:
      name: qwen35-sve256-composites
      phase: M1D
      repository: upstream/pypto
      branch: work/qwen35-sve256-composites
      base_commit: 31a5c46b010a621e54b8dedaa81c97a98dfc4e3e
      started_at: 2026-09-08T15:36:53Z
      resource: qemu-then-kunpeng-sve256
      operations: [rms_norm, l2_norm, swiglu, softmax, rope, gqa_repeat_kv, causal_mask]
      task_commits:
        - 2e4c4d9cc285c5fc0ce90fe352d13e51620fd8ee
        - 38307d402da6f2028427d7d5086b16a8caf8f2a1
      integration_commits:
        - c954c22ad9cd7ee6133fbb2ee59dae8b5c971b6a
        - f7e16fea7ca258f90e4bb95b16f9927c248e64c6
        - fe6b54a0f40e739d5ebed87baa5d608565171695
      validation:
        task_smoke: PASS
        smoke_runs_for_task: 1
        focused_pytest: 24_passed
        combined_pytest: 417_passed
        m0_metadata_exact_comparison: PASS
        portable_primitive_only_audit: PASS
        python37_ast_files: 3
        python37_ast: PASS
        compileall: PASS
        package_discovery: 128_packages_pass
        portable_python_s_direct_import: PASS
        integration_qemu_smoke: PASS
        ecs_920b_native_composite_chain: PASS
        evidence: ../worktrees/_meta/pypto-x/integration-w6-qwen35-m1d-final
      explicit_fallbacks:
        composite_fusion: false
        cos_sin: runtime_precomputed_and_preexpanded
        gqa_indices: runtime_model_adapter_input
        mask: runtime_model_adapter_input
        backend_fallbacks: inherited_from_m1c1_m1c2
    m1e:
      name: qwen35-sve256-conv-state
      phase: M1E
      repository: upstream/pypto
      branch: work/qwen35-sve256-conv-state
      base_commit: fe6b54a0f40e739d5ebed87baa5d608565171695
      started_at: 2026-09-08T16:44:43Z
      completed_at: 2026-09-08T18:49:00Z
      resource: locked-local-qemu-then-kunpeng-sve256
      operations: [causal_depthwise_conv1d, conv_state_update]
      task_commits:
        - be40610255a61f8c74f2e5306dc65d1cd8a8c1d4
        - 8de5714a9b067d7e52a5f53453abae7a5ac5db5b
        - f63207e26dba6eb4f90ab04e74621288d49038c5
      integration_commits:
        - 83747a55c68e5bd768c3995496b00b54fbea0361
        - 763b5df286480a54a0a38cd029316782e3ff872b
        - 41523cfc3341d47abb94a8e2d97111e2948ea501
      validation:
        task_smoke: PASS
        smoke_runs_for_task: 1
        combined_pytest: 426_passed
        python37_ast_files: 94
        python37_ast: PASS
        compileall: PASS
        package_discovery: 128_namespace_packages_pass
        integration_qemu_smoke: PASS
        ecs_920b_native_conv_state: PASS
        ecs_920b_guarded_canary: PASS
        large_shape: 1x6144x1024_29_ops_all_compact
        artifact_bytes: 881928
        evidence: ../worktrees/_meta/pypto-x/integration-w6-qwen35-m1e-final
      state_contract:
        input: prior_state_B_C_4
        outputs: [activated_output_B_C_T, new_state_B_C_4]
        mutation: none_functional_ssa
        accumulation: fp32
        storage: bf16
      compatibility:
        sve256_lowering_version: 4
        compact_iteration: required_for_all_domains
        legacy_v3_artifact: reject_and_recompile
      explicit_fallbacks:
        fused_conv: false
        silu: scalar_math_lane
        broadcast: host_preexpanded
        bf16_reorder: scalar_lane
        host_staging: python_lists_and_wire_bytes
    m1f:
      name: qwen35-attention-kv-cache
      phase: M1F
      repository: upstream/pypto
      branch: work/qwen35-attention-kv-cache
      verification_branch: verify/qwen35-m1f
      base_commit: 41523cfc3341d47abb94a8e2d97111e2948ea501
      started_at: 2026-09-08T19:04:36Z
      completed_at: 2026-09-08T19:49:00Z
      resource: locked-local-qemu-then-kunpeng-sve256
      operations: [batched_matmul, explicit_transpose_matmul, kv_cache_append, kv_cache_read, full_attention]
      task_commits:
        - d4efa2401d80ecda724763525fbc72dadd98b2ef
        - 829b74380389df27198d6c1ada0d0f385d2332ed
      integration_commits:
        - f44e1a79ce3892ab66cce8ea3398b446043982b1
        - 2d7da37b9ed20e3382232e31e45f584907c55e1e
      validation:
        delegated_acceptance: PASS
        verification_worktree_clean: PASS
        implementation_smoke_runs: 1
        acceptance_smoke_runs: 1
        combined_pytest: 432_passed
        python37_ast_files: 95
        python37_ast: PASS
        compileall_files: 199
        compileall: PASS
        package_discovery: 128_namespace_packages_pass
        integration_qemu_smoke: PASS
        large_shape_prefill: t128_past0_all_compact
        large_shape_decode: t1_past128_all_compact
        ecs_920b_native_attention_kv: PASS
        ecs_920b_guarded_canary: PASS
        evidence: ../worktrees/_meta/pypto-x/integration-w6-qwen35-m1f-final
      contract:
        matmul_rank: [2, 3, 4]
        batch_prefix: exact_match_no_broadcast
        qk_transpose: explicit_core_transpose
        kv_state: functional_pure_ssa_bf16
        accumulation: fp32
        fixed_qwen_shape: heads8_kv_heads2_head_dim256
      compatibility:
        vector_plan_version: 2
        sve256_lowering_version: 5
        legacy_vector_v1_and_sve_v3_v4: reject_and_recompile
      explicit_fallbacks:
        fused_attention: false
        sve_batched_matmul: host_batch_loop_rank2_runner
        avx2_avx512_batched_matmul: explicit_rejection
        exp: scalar_math_lane
        broadcast: host_preexpanded
        bf16_gather: scalar_lane
        host_staging: python_lists_and_wire_bytes
    next_task:
      name: qwen35-gdr-recurrent-matrix-state
      phase: M1G
      repository: upstream/pypto
      branch: work/qwen35-gdr-recurrent-matrix-state
      base_commit: 2d7da37b9ed20e3382232e31e45f584907c55e1e
      status: planning_not_started
      resource: qemu-then-kunpeng-sve256
      operations: [gdr_chunk_recurrence, gdr_decode_recurrence, recurrent_matrix_state_update]
    queued_after_m1g:
      - qwen35-position-compare-iota
      - avx2-avx512-qwen-parity
      - qwen35-bf16-model-execution
      - qwen35-w8a8-linear
    known_limits:
      - ecs_has_no_torch_transformers_or_numpy
      - current_python_list_runtime_cannot_hold_full_873m_parameter_model
      - typed_buffer_or_mmap_path_required_before_real_weight_execution
      - model_weight_download_and_load_not_authorized
      - gdr_recurrent_matrix_state_not_closed
      - avx_qwen_m1a_to_m1f_parity_not_implemented
      - sve_batched_matmul_is_host_loop_not_fused_native_kernel
