version: 1
repository: upstream/pypto
base_commit: 34475e0d83c6cdc7deac2082b1b4fa81b3beb6ad
integration_branch: port/pypto-x-integration
integration_commit: 2ab2f2ca59bd86dee654b55a0e97b7d25af966e9
updated_at: 2026-09-06T17:46:22Z

waves:
  W1:
    status: complete
    task_commits:
      target-abi:
        - d8070538b8d9bb672d5f04061bb3dbddda083a62
        - 01ebb8da29728b9413258b876c3d4ad1655b416d
      core-ir:
        - 7f6ac1328f69e2e5138468a4a58defccff06a247
        - 260268f0551e368f658f3e1699eefcc7b98e6561
      verification:
        - 4ff0163fbfd35804db15361dc89381f885765785
        - 8403e7a04c636a1c8f9bb2cda767bdacb3f879a7
    integration_commits:
      - 027d2cda91742b7c2d0ab653b6ee21b69e8be564
      - 4a1f21e300c04708962b7e85f5fdf2c496788d16
      - 2ab2f2ca59bd86dee654b55a0e97b7d25af966e9
    validation:
      task_smoke: PASS
      smoke_runs_per_task: 1
      combined_pytest: 23_passed
      package_discovery: PASS
      integration_smoke: PASS
      integration_smoke_log: ../worktrees/_meta/pypto-x/integration-w1/smoke/20260906T174557Z/smoke.log
    known_limits:
      - native_tensor_parser_bridge_not_connected
      - source_checkout_pypto_init_still_requires_native_build_metadata
      - stable_cann_npu_baseline_pending

  W2:
    status: ready
    tasks: [tensor-core-bridge, ascend-adapter, cpu-scalar]
