version: 1
policy: release-family-plus-exact-commit

edge:
  captured_at: 2026-09-06T15:14:03Z
  status: audited_not_compatibility_verified
  repositories:
    pypto:
      url: https://gitcode.com/cann/pypto.git
      branch: master
      commit: 34475e0d83c6cdc7deac2082b1b4fa81b3beb6ad
    pypto-gym:
      url: https://gitcode.com/cann/pypto-gym.git
      branch: master
      commit: 945a360e12592239a3549cb62d0db37af32bbc03
    pto-isa:
      url: https://gitcode.com/cann/pto-isa.git
      branch: master
      commit: 668248ec886447a83787200786fe6f461169b701
    pypto-community:
      url: https://github.com/hw-native-sys/pypto.git
      branch: main
      commit: 9f657f37ed20ce148b46fb7229c267a152a0644e
      submodules:
        runtime: 4e4d3a4ad1e54c1db3d50e72decc025a9075bfa0
        runtime/3rdparty/libbacktrace: 6f8310e238fc3ce68f42f391cbe93fd156bb2c23
        runtime/3rdparty/msgpack-c: 919908742b4fdbc575e77fe1a8657e70c9573c44
    PTOAS:
      url: https://github.com/hw-native-sys/PTOAS.git
      branch: master
      commit: dc15ee5b9e459c025eb4f714f2f892b535d93eb0
      notes:
        - The former main-branch 3rdparty submodules are not tracked by current master.
        - Mutable remote tags were observed; always verify tag-to-commit resolution.

stable:
  status: pending_cann_toolkit_and_npu_validation
  release_family: v9.2.0-beta.2
  candidates:
    pypto:
      release_ref: v9.2.0-beta.2
      resolved_commit: 1cce5f84284af6da4e64f217384d579ba3cd4df6
    pto-isa:
      release_ref: v9.2.0-beta.2
      resolved_commit: b29c2e9cb2408894a5d74f872edaa2389633138a
    pypto-gym:
      release_ref: null
      resolved_commit: null
    PTOAS:
      required_by_official_pypto: false
      release_ref: null
      resolved_commit: null
  validation_required:
    - cann_toolkit_version
    - driver_version
    - pypto_classic_compile_and_launch
    - pypto_pro_jit_compile_and_launch
    - pypto_pro_opc_artifacts
    - pypto_gym_representative_ops
