version: 1
policy: release-family-plus-exact-commit

edge:
  captured_at: 2026-09-06T15:14:03Z
  status: audited_not_compatibility_verified
  repositories:
    pypto:
      url: https://gitcode.com/cann/pypto.git
      branch: master
      commit: 34475e0d83c6cdc7deac2082b1b4fa81b3beb6ad
    pypto-gym:
      url: https://gitcode.com/cann/pypto-gym.git
      branch: master
      commit: 945a360e12592239a3549cb62d0db37af32bbc03
    pto-isa:
      url: https://gitcode.com/cann/pto-isa.git
      branch: master
      commit: 668248ec886447a83787200786fe6f461169b701
    pypto-community:
      url: https://github.com/hw-native-sys/pypto.git
      branch: main
      commit: 9f657f37ed20ce148b46fb7229c267a152a0644e
      submodules:
        runtime: 4e4d3a4ad1e54c1db3d50e72decc025a9075bfa0
        runtime/3rdparty/libbacktrace: 6f8310e238fc3ce68f42f391cbe93fd156bb2c23
        runtime/3rdparty/msgpack-c: 919908742b4fdbc575e77fe1a8657e70c9573c44
    PTOAS:
      url: https://github.com/hw-native-sys/PTOAS.git
      branch: master
      commit: dc15ee5b9e459c025eb4f714f2f892b535d93eb0
      notes:
        - The former main-branch 3rdparty submodules are not tracked by current master.
        - Mutable remote tags were observed; always verify tag-to-commit resolution.

stable:
  status: partial_a2_910b3_validated_stable_9_2_0_beta_2_still_device_unvalidated
  release_family: v9.2.0-beta.2
  validated_at: 2026-09-10
  candidates:
    pypto:
      release_ref: v9.2.0-beta.2
      resolved_commit: 1cce5f84284af6da4e64f217384d579ba3cd4df6
    pto-isa:
      release_ref: v9.2.0-beta.2
      resolved_commit: b29c2e9cb2408894a5d74f872edaa2389633138a
    pypto-gym:
      release_ref: null
      resolved_commit: null
    PTOAS:
      required_by_official_pypto: false
      release_ref: null
      resolved_commit: null
  validation_required:
    - cann_toolkit_version
    - driver_version
    - pypto_classic_compile_and_launch
    - pypto_pro_jit_compile_and_launch
    - pypto_pro_opc_artifacts
    - pypto_gym_representative_ops
  validation_status:
    cann_toolkit_version: PARTIAL
    driver_version: COVERED
    pypto_classic_compile_and_launch: NOT_COVERED
    pypto_pro_jit_compile_and_launch: NOT_COVERED
    pypto_pro_opc_artifacts: NOT_COVERED
    pypto_gym_representative_ops: NOT_COVERED
  validation_notes:
    driver_version: A2 real-machine driver 25.2.0 executed kernels successfully; covers A2 only, not the full stable driver matrix
    cann_toolkit_version: A2 device runs CANN 9.0.0; stable target 9.2.0-beta.2 installed locally as toolkit-only (no driver, no device) -> stable family not device-validated
    classic_pro_jit_opc_gym: A2 container has no pypto/torch environment; only the injected minimal hook compile/launch path was exercised
  a2_evidence_2026_09_10:
    w8a_c_ascend_npu_acceptance: ../worktrees/_meta/pypto-x/verify-qwen35-ascend-npu-acceptance
    covered_scope: PTO-ISA tassign single case NPU ST + injected minimal fixed 64x64 f32 add hook (bisheng + Ascend 910B3)
    not_covered: [core_ir_to_pto_ccgen, pypto_classic_compile_launch, pypto_pro_jit, opc_artifacts, gym_ops, model_level]
    known_limits_added: [ascend_hook_is_test_tree_injected_minimal_f32_add_only, ascend_stable_cann_v9_2_0_beta2_not_device_validated, pypto_classic_pro_jit_opc_gym_not_ascend_validated]
    known_limits_removed: [ascend_cann_bisheng_npu_regression_blocked]
